// !$*UTF8*$!
{
	archiveVersion = 1;
	classes = {
	};
	objectVersion = 50;
	objects = {

/* Begin PBXBuildFile section */
		E2DD37372576C9FA00517DD0 /* AppDelegate.swift in Sources */ = {isa = PBXBuildFile; fileRef = E2DD37362576C9FA00517DD0 /* AppDelegate.swift */; };
		E2DD37392576C9FA00517DD0 /* SceneDelegate.swift in Sources */ = {isa = PBXBuildFile; fileRef = E2DD37382576C9FA00517DD0 /* SceneDelegate.swift */; };
		E2DD373B2576C9FA00517DD0 /* ViewController.swift in Sources */ = {isa = PBXBuildFile; fileRef = E2DD373A2576C9FA00517DD0 /* ViewController.swift */; };
		E2DD373E2576C9FA00517DD0 /* Main.storyboard in Resources */ = {isa = PBXBuildFile; fileRef = E2DD373C2576C9FA00517DD0 /* Main.storyboard */; };
		E2DD37402576C9FD00517DD0 /* Assets.xcassets in Resources */ = {isa = PBXBuildFile; fileRef = E2DD373F2576C9FD00517DD0 /* Assets.xcassets */; };
		E2DD37432576C9FD00517DD0 /* LaunchScreen.storyboard in Resources */ = {isa = PBXBuildFile; fileRef = E2DD37412576C9FD00517DD0 /* LaunchScreen.storyboard */; };
		E2DD374E2576C9FE00517DD0 /* MyCalculatorTests.swift in Sources */ = {isa = PBXBuildFile; fileRef = E2DD374D2576C9FE00517DD0 /* MyCalculatorTests.swift */; };
		E2DD37592576C9FE00517DD0 /* MyCalculatorUITests.swift in Sources */ = {isa = PBXBuildFile; fileRef = E2DD37582576C9FE00517DD0 /* MyCalculatorUITests.swift */; };
/* End PBXBuildFile section */

/* Begin PBXContainerItemProxy section */
		E2DD374A2576C9FE00517DD0 /* PBXContainerItemProxy */ = {
			isa = PBXContainerItemProxy;
			containerPortal = E2DD372B2576C9F900517DD0 /* Project object */;
			proxyType = 1;
			remoteGlobalIDString = E2DD37322576C9FA00517DD0;
			remoteInfo = MyCalculator;
		};
		E2DD37552576C9FE00517DD0 /* PBXContainerItemProxy */ = {
			isa = PBXContainerItemProxy;
			containerPortal = E2DD372B2576C9F900517DD0 /* Project object */;
			proxyType = 1;
			remoteGlobalIDString = E2DD37322576C9FA00517DD0;
			remoteInfo = MyCalculator;
		};
/* End PBXContainerItemProxy section */

/* Begin PBXFileReference section */
		E2DD37332576C9FA00517DD0 /* MyCalculator.app */ = {isa = PBXFileReference; explicitFileType = wrapper.application; includeInIndex = 0; path = MyCalculator.app; sourceTree = BUILT_PRODUCTS_DIR; };
		E2DD37362576C9FA00517DD0 /* AppDelegate.swift */ = {isa = PBXFileReference; lastKnownFileType = sourcecode.swift; path = AppDelegate.swift; sourceTree = "<group>"; };
		E2DD37382576C9FA00517DD0 /* SceneDelegate.swift */ = {isa = PBXFileReference; lastKnownFileType = sourcecode.swift; path = SceneDelegate.swift; sourceTree = "<group>"; };
		E2DD373A2576C9FA00517DD0 /* ViewController.swift */ = {isa = PBXFileReference; lastKnownFileType = sourcecode.swift; path = ViewController.swift; sourceTree = "<group>"; };
		E2DD373D2576C9FA00517DD0 /* Base */ = {isa = PBXFileReference; lastKnownFileType = file.storyboard; name = Base; path = Base.lproj/Main.storyboard; sourceTree = "<group>"; };
		E2DD373F2576C9FD00517DD0 /* Assets.xcassets */ = {isa = PBXFileReference; lastKnownFileType = folder.assetcatalog; path = Assets.xcassets; sourceTree = "<group>"; };
		E2DD37422576C9FD00517DD0 /* Base */ = {isa = PBXFileReference; lastKnownFileType = file.storyboard; name = Base; path = Base.lproj/LaunchScreen.storyboard; sourceTree = "<group>"; };
		E2DD37442576C9FD00517DD0 /* Info.plist */ = {isa = PBXFileReference; lastKnownFileType = text.plist.xml; path = Info.plist; sourceTree = "<group>"; };
		E2DD37492576C9FE00517DD0 /* MyCalculatorTests.xctest */ = {isa = PBXFileReference; explicitFileType = wrapper.cfbundle; includeInIndex = 0; path = MyCalculatorTests.xctest; sourceTree = BUILT_PRODUCTS_DIR; };
		E2DD374D2576C9FE00517DD0 /* MyCalculatorTests.swift */ = {isa = PBXFileReference; lastKnownFileType = sourcecode.swift; path = MyCalculatorTests.swift; sourceTree = "<group>"; };
		E2DD374F2576C9FE00517DD0 /* Info.plist */ = {isa = PBXFileReference; lastKnownFileType = text.plist.xml; path = Info.plist; sourceTree = "<group>"; };
		E2DD37542576C9FE00517DD0 /* MyCalculatorUITests.xctest */ = {isa = PBXFileReference; explicitFileType = wrapper.cfbundle; includeInIndex = 0; path = MyCalculatorUITests.xctest; sourceTree = BUILT_PRODUCTS_DIR; };
		E2DD37582576C9FE00517DD0 /* MyCalculatorUITests.swift */ = {isa = PBXFileReference; lastKnownFileType = sourcecode.swift; path = MyCalculatorUITests.swift; sourceTree = "<group>"; };
		E2DD375A2576C9FE00517DD0 /* Info.plist */ = {isa = PBXFileReference; lastKnownFileType = text.plist.xml; path = Info.plist; sourceTree = "<group>"; };
/* End PBXFileReference section */

/* Begin PBXFrameworksBuildPhase section */
		E2DD37302576C9FA00517DD0 /* Frameworks */ = {
			isa = PBXFrameworksBuildPhase;
			buildActionMask = 2147483647;
			files = (
			);
			runOnlyForDeploymentPostprocessing = 0;
		};
		E2DD37462576C9FE00517DD0 /* Frameworks */ = {
			isa = PBXFrameworksBuildPhase;
			buildActionMask = 2147483647;
			files = (
			);
			runOnlyForDeploymentPostprocessing = 0;
		};
		E2DD37512576C9FE00517DD0 /* Frameworks */ = {
			isa = PBXFrameworksBuildPhase;
			buildActionMask = 2147483647;
			files = (
			);
			runOnlyForDeploymentPostprocessing = 0;
		};
/* End PBXFrameworksBuildPhase section */

/* Begin PBXGroup section */
		E2DD372A2576C9F900517DD0 = {
			isa = PBXGroup;
			children = (
				E2DD37352576C9FA00517DD0 /* MyCalculator */,
				E2DD374C2576C9FE00517DD0 /* MyCalculatorTests */,
				E2DD37572576C9FE00517DD0 /* MyCalculatorUITests */,
				E2DD37342576C9FA00517DD0 /* Products */,
			);
			sourceTree = "<group>";
		};
		E2DD37342576C9FA00517DD0 /* Products */ = {
			isa = PBXGroup;
			children = (
				E2DD37332576C9FA00517DD0 /* MyCalculator.app */,
				E2DD37492576C9FE00517DD0 /* MyCalculatorTests.xctest */,
				E2DD37542576C9FE00517DD0 /* MyCalculatorUITests.xctest */,
			);
			name = Products;
			sourceTree = "<group>";
		};
		E2DD37352576C9FA00517DD0 /* MyCalculator */ = {
			isa = PBXGroup;
			children = (
				E2DD37362576C9FA00517DD0 /* AppDelegate.swift */,
				E2DD37382576C9FA00517DD0 /* SceneDelegate.swift */,
				E2DD373A2576C9FA00517DD0 /* ViewController.swift */,
				E2DD373C2576C9FA00517DD0 /* Main.storyboard */,
				E2DD373F2576C9FD00517DD0 /* Assets.xcassets */,
				E2DD37412576C9FD00517DD0 /* LaunchScreen.storyboard */,
				E2DD37442576C9FD00517DD0 /* Info.plist */,
			);
			path = MyCalculator;
			sourceTree = "<group>";
		};
		E2DD374C2576C9FE00517DD0 /* MyCalculatorTests */ = {
			isa = PBXGroup;
			children = (
				E2DD374D2576C9FE00517DD0 /* MyCalculatorTests.swift */,
				E2DD374F2576C9FE00517DD0 /* Info.plist */,
			);
			path = MyCalculatorTests;
			sourceTree = "<group>";
		};
		E2DD37572576C9FE00517DD0 /* MyCalculatorUITests */ = {
			isa = PBXGroup;
			children = (
				E2DD37582576C9FE00517DD0 /* MyCalculatorUITests.swift */,
				E2DD375A2576C9FE00517DD0 /* Info.plist */,
			);
			path = MyCalculatorUITests;
			sourceTree = "<group>";
		};
/* End PBXGroup section */

/* Begin PBXNativeTarget section */
		E2DD37322576C9FA00517DD0 /* MyCalculator */ = {
			isa = PBXNativeTarget;
			buildConfigurationList = E2DD375D2576C9FE00517DD0 /* Build configuration list for PBXNativeTarget "MyCalculator" */;
			buildPhases = (
				E2DD372F2576C9FA00517DD0 /* Sources */,
				E2DD37302576C9FA00517DD0 /* Frameworks */,
				E2DD37312576C9FA00517DD0 /* Resources */,
			);
			buildRules = (
			);
			dependencies = (
			);
			name = MyCalculator;
			productName = MyCalculator;
			productReference = E2DD37332576C9FA00517DD0 /* MyCalculator.app */;
			productType = "com.apple.product-type.application";
		};
		E2DD37482576C9FE00517DD0 /* MyCalculatorTests */ = {
			isa = PBXNativeTarget;
			buildConfigurationList = E2DD37602576C9FE00517DD0 /* Build configuration list for PBXNativeTarget "MyCalculatorTests" */;
			buildPhases = (
				E2DD37452576C9FE00517DD0 /* Sources */,
				E2DD37462576C9FE00517DD0 /* Frameworks */,
				E2DD37472576C9FE00517DD0 /* Resources */,
			);
			buildRules = (
			);
			dependencies = (
				E2DD374B2576C9FE00517DD0 /* PBXTargetDependency */,
			);
			name = MyCalculatorTests;
			productName = MyCalculatorTests;
			productReference = E2DD37492576C9FE00517DD0 /* MyCalculatorTests.xctest */;
			productType = "com.apple.product-type.bundle.unit-test";
		};
		E2DD37532576C9FE00517DD0 /* MyCalculatorUITests */ = {
			isa = PBXNativeTarget;
			buildConfigurationList = E2DD37632576C9FE00517DD0 /* Build configuration list for PBXNativeTarget "MyCalculatorUITests" */;
			buildPhases = (
				E2DD37502576C9FE00517DD0 /* Sources */,
				E2DD37512576C9FE00517DD0 /* Frameworks */,
				E2DD37522576C9FE00517DD0 /* Resources */,
			);
			buildRules = (
			);
			dependencies = (
				E2DD37562576C9FE00517DD0 /* PBXTargetDependency */,
			);
			name = MyCalculatorUITests;
			productName = MyCalculatorUITests;
			productReference = E2DD37542576C9FE00517DD0 /* MyCalculatorUITests.xctest */;
			productType = "com.apple.product-type.bundle.ui-testing";
		};
/* End PBXNativeTarget section */

/* Begin PBXProject section */
		E2DD372B2576C9F900517DD0 /* Project object */ = {
			isa = PBXProject;
			attributes = {
				LastSwiftUpdateCheck = 1220;
				LastUpgradeCheck = 1220;
				TargetAttributes = {
					E2DD37322576C9FA00517DD0 = {
						CreatedOnToolsVersion = 12.2;
					};
					E2DD37482576C9FE00517DD0 = {
						CreatedOnToolsVersion = 12.2;
						TestTargetID = E2DD37322576C9FA00517DD0;
					};
					E2DD37532576C9FE00517DD0 = {
						CreatedOnToolsVersion = 12.2;
						TestTargetID = E2DD37322576C9FA00517DD0;
					};
				};
			};
			buildConfigurationList = E2DD372E2576C9F900517DD0 /* Build configuration list for PBXProject "MyCalculator" */;
			compatibilityVersion = "Xcode 9.3";
			developmentRegion = en;
			hasScannedForEncodings = 0;
			knownRegions = (
				en,
				Base,
			);
			mainGroup = E2DD372A2576C9F900517DD0;
			productRefGroup = E2DD37342576C9FA00517DD0 /* Products */;
			projectDirPath = "";
			projectRoot = "";
			targets = (
				E2DD37322576C9FA00517DD0 /* MyCalculator */,
				E2DD37482576C9FE00517DD0 /* MyCalculatorTests */,
				E2DD37532576C9FE00517DD0 /* MyCalculatorUITests */,
			);
		};
/* End PBXProject section */

/* Begin PBXResourcesBuildPhase section */
		E2DD37312576C9FA00517DD0 /* Resources */ = {
			isa = PBXResourcesBuildPhase;
			buildActionMask = 2147483647;
			files = (
				E2DD37432576C9FD00517DD0 /* LaunchScreen.storyboard in Resources */,
				E2DD37402576C9FD00517DD0 /* Assets.xcassets in Resources */,
				E2DD373E2576C9FA00517DD0 /* Main.storyboard in Resources */,
			);
			runOnlyForDeploymentPostprocessing = 0;
		};
		E2DD37472576C9FE00517DD0 /* Resources */ = {
			isa = PBXResourcesBuildPhase;
			buildActionMask = 2147483647;
			files = (
			);
			runOnlyForDeploymentPostprocessing = 0;
		};
		E2DD37522576C9FE00517DD0 /* Resources */ = {
			isa = PBXResourcesBuildPhase;
			buildActionMask = 2147483647;
			files = (
			);
			runOnlyForDeploymentPostprocessing = 0;
		};
/* End PBXResourcesBuildPhase section */

/* Begin PBXSourcesBuildPhase section */
		E2DD372F2576C9FA00517DD0 /* Sources */ = {
			isa = PBXSourcesBuildPhase;
			buildActionMask = 2147483647;
			files = (
				E2DD373B2576C9FA00517DD0 /* ViewController.swift in Sources */,
				E2DD37372576C9FA00517DD0 /* AppDelegate.swift in Sources */,
				E2DD37392576C9FA00517DD0 /* SceneDelegate.swift in Sources */,
			);
			runOnlyForDeploymentPostprocessing = 0;
		};
		E2DD37452576C9FE00517DD0 /* Sources */ = {
			isa = PBXSourcesBuildPhase;
			buildActionMask = 2147483647;
			files = (
				E2DD374E2576C9FE00517DD0 /* MyCalculatorTests.swift in Sources */,
			);
			runOnlyForDeploymentPostprocessing = 0;
		};
		E2DD37502576C9FE00517DD0 /* Sources */ = {
			isa = PBXSourcesBuildPhase;
			buildActionMask = 2147483647;
			files = (
				E2DD37592576C9FE00517DD0 /* MyCalculatorUITests.swift in Sources */,
			);
			runOnlyForDeploymentPostprocessing = 0;
		};
/* End PBXSourcesBuildPhase section */

/* Begin PBXTargetDependency section */
		E2DD374B2576C9FE00517DD0 /* PBXTargetDependency */ = {
			isa = PBXTargetDependency;
			target = E2DD37322576C9FA00517DD0 /* MyCalculator */;
			targetProxy = E2DD374A2576C9FE00517DD0 /* PBXContainerItemProxy */;
		};
		E2DD37562576C9FE00517DD0 /* PBXTargetDependency */ = {
			isa = PBXTargetDependency;
			target = E2DD37322576C9FA00517DD0 /* MyCalculator */;
			targetProxy = E2DD37552576C9FE00517DD0 /* PBXContainerItemProxy */;
		};
/* End PBXTargetDependency section */

/* Begin PBXVariantGroup section */
		E2DD373C2576C9FA00517DD0 /* Main.storyboard */ = {
			isa = PBXVariantGroup;
			children = (
				E2DD373D2576C9FA00517DD0 /* Base */,
			);
			name = Main.storyboard;
			sourceTree = "<group>";
		};
		E2DD37412576C9FD00517DD0 /* LaunchScreen.storyboard */ = {
			isa = PBXVariantGroup;
			children = (
				E2DD37422576C9FD00517DD0 /* Base */,
			);
			name = LaunchScreen.storyboard;
			sourceTree = "<group>";
		};
/* End PBXVariantGroup section */

/* Begin XCBuildConfiguration section */
		E2DD375B2576C9FE00517DD0 /* Debug */ = {
			isa = XCBuildConfiguration;
			buildSettings = {
				ALWAYS_SEARCH_USER_PATHS = NO;
				CLANG_ANALYZER_NONNULL = YES;
				CLANG_ANALYZER_NUMBER_OBJECT_CONVERSION = YES_AGGRESSIVE;
				CLANG_CXX_LANGUAGE_STANDARD = "gnu++14";
				CLANG_CXX_LIBRARY = "libc++";
				CLANG_ENABLE_MODULES = YES;
				CLANG_ENABLE_OBJC_ARC = YES;
				CLANG_ENABLE_OBJC_WEAK = YES;
				CLANG_WARN_BLOCK_CAPTURE_AUTORELEASING = YES;
				CLANG_WARN_BOOL_CONVERSION = YES;
				CLANG_WARN_COMMA = YES;
				CLANG_WARN_CONSTANT_CONVERSION = YES;
				CLANG_WARN_DEPRECATED_OBJC_IMPLEMENTATIONS = YES;
				CLANG_WARN_DIRECT_OBJC_ISA_USAGE = YES_ERROR;
				CLANG_WARN_DOCUMENTATION_COMMENTS = YES;
				CLANG_WARN_EMPTY_BODY = YES;
				CLANG_WARN_ENUM_CONVERSION = YES;
				CLANG_WARN_INFINITE_RECURSION = YES;
				CLANG_WARN_INT_CONVERSION = YES;
				CLANG_WARN_NON_LITERAL_NULL_CONVERSION = YES;
				CLANG_WARN_OBJC_IMPLICIT_RETAIN_SELF = YES;
				CLANG_WARN_OBJC_LITERAL_CONVERSION = YES;
				CLANG_WARN_OBJC_ROOT_CLASS = YES_ERROR;
				CLANG_WARN_QUOTED_INCLUDE_IN_FRAMEWORK_HEADER = YES;
				CLANG_WARN_RANGE_LOOP_ANALYSIS = YES;
				CLANG_WARN_STRICT_PROTOTYPES = YES;
				CLANG_WARN_SUSPICIOUS_MOVE = YES;
				CLANG_WARN_UNGUARDED_AVAILABILITY = YES_AGGRESSIVE;
				CLANG_WARN_UNREACHABLE_CODE = YES;
				CLANG_WARN__DUPLICATE_METHOD_MATCH = YES;
				COPY_PHASE_STRIP = NO;
				DEBUG_INFORMATION_FORMAT = dwarf;
				ENABLE_STRICT_OBJC_MSGSEND = YES;
				ENABLE_TESTABILITY = YES;
				GCC_C_LANGUAGE_STANDARD = gnu11;
				GCC_DYNAMIC_NO_PIC = NO;
				GCC_NO_COMMON_BLOCKS = YES;
				GCC_OPTIMIZATION_LEVEL = 0;
				GCC_PREPROCESSOR_DEFINITIONS = (
					"DEBUG=1",
					"$(inherited)",
				);
				GCC_WARN_64_TO_32_BIT_CONVERSION = YES;
				GCC_WARN_ABOUT_RETURN_TYPE = YES_ERROR;
				GCC_WARN_UNDECLARED_SELECTOR = YES;
				GCC_WARN_UNINITIALIZED_AUTOS = YES_AGGRESSIVE;
				GCC_WARN_UNUSED_FUNCTION = YES;
				GCC_WARN_UNUSED_VARIABLE = YES;
				IPHONEOS_DEPLOYMENT_TARGET = 14.2;
				MTL_ENABLE_DEBUG_INFO = INCLUDE_SOURCE;
				MTL_FAST_MATH = YES;
				ONLY_ACTIVE_ARCH = YES;
				SDKROOT = iphoneos;
				SWIFT_ACTIVE_COMPILATION_CONDITIONS = DEBUG;
				SWIFT_OPTIMIZATION_LEVEL = "-Onone";
			};
			name = Debug;
		};
		E2DD375C2576C9FE00517DD0 /* Release */ = {
			isa = XCBuildConfiguration;
			buildSettings = {
				ALWAYS_SEARCH_USER_PATHS = NO;
				CLANG_ANALYZER_NONNULL = YES;
				CLANG_ANALYZER_NUMBER_OBJECT_CONVERSION = YES_AGGRESSIVE;
				CLANG_CXX_LANGUAGE_STANDARD = "gnu++14";
				CLANG_CXX_LIBRARY = "libc++";
				CLANG_ENABLE_MODULES = YES;
				CLANG_ENABLE_OBJC_ARC = YES;
				CLANG_ENABLE_OBJC_WEAK = YES;
				CLANG_WARN_BLOCK_CAPTURE_AUTORELEASING = YES;
				CLANG_WARN_BOOL_CONVERSION = YES;
				CLANG_WARN_COMMA = YES;
				CLANG_WARN_CONSTANT_CONVERSION = YES;
				CLANG_WARN_DEPRECATED_OBJC_IMPLEMENTATIONS = YES;
				CLANG_WARN_DIRECT_OBJC_ISA_USAGE = YES_ERROR;
				CLANG_WARN_DOCUMENTATION_COMMENTS = YES;
				CLANG_WARN_EMPTY_BODY = YES;
				CLANG_WARN_ENUM_CONVERSION = YES;
				CLANG_WARN_INFINITE_RECURSION = YES;
				CLANG_WARN_INT_CONVERSION = YES;
				CLANG_WARN_NON_LITERAL_NULL_CONVERSION = YES;
				CLANG_WARN_OBJC_IMPLICIT_RETAIN_SELF = YES;
				CLANG_WARN_OBJC_LITERAL_CONVERSION = YES;
				CLANG_WARN_OBJC_ROOT_CLASS = YES_ERROR;
				CLANG_WARN_QUOTED_INCLUDE_IN_FRAMEWORK_HEADER = YES;
				CLANG_WARN_RANGE_LOOP_ANALYSIS = YES;
				CLANG_WARN_STRICT_PROTOTYPES = YES;
				CLANG_WARN_SUSPICIOUS_MOVE = YES;
				CLANG_WARN_UNGUARDED_AVAILABILITY = YES_AGGRESSIVE;
				CLANG_WARN_UNREACHABLE_CODE = YES;
				CLANG_WARN__DUPLICATE_METHOD_MATCH = YES;
				COPY_PHASE_STRIP = NO;
				DEBUG_INFORMATION_FORMAT = "dwarf-with-dsym";
				ENABLE_NS_ASSERTIONS = NO;
				ENABLE_STRICT_OBJC_MSGSEND = YES;
				GCC_C_LANGUAGE_STANDARD = gnu11;
				GCC_NO_COMMON_BLOCKS = YES;
				GCC_WARN_64_TO_32_BIT_CONVERSION = YES;
				GCC_WARN_ABOUT_RETURN_TYPE = YES_ERROR;
				GCC_WARN_UNDECLARED_SELECTOR = YES;
				GCC_WARN_UNINITIALIZED_AUTOS = YES_AGGRESSIVE;
				GCC_WARN_UNUSED_FUNCTION = YES;
				GCC_WARN_UNUSED_VARIABLE = YES;
				IPHONEOS_DEPLOYMENT_TARGET = 14.2;
				MTL_ENABLE_DEBUG_INFO = NO;
				MTL_FAST_MATH = YES;
				SDKROOT = iphoneos;
				SWIFT_COMPILATION_MODE = wholemodule;
				SWIFT_OPTIMIZATION_LEVEL = "-O";
				VALIDATE_PRODUCT = YES;
			};
			name = Release;
		};
		E2DD375E2576C9FE00517DD0 /* Debug */ = {
			isa = XCBuildConfiguration;
			buildSettings = {
				ASSETCATALOG_COMPILER_APPICON_NAME = AppIcon;
				ASSETCATALOG_COMPILER_GLOBAL_ACCENT_COLOR_NAME = AccentColor;
				CODE_SIGN_STYLE = Automatic;
				INFOPLIST_FILE = MyCalculator/Info.plist;
				LD_RUNPATH_SEARCH_PATHS = (
					"$(inherited)",
					"@executable_path/Frameworks",
				);
				PRODUCT_BUNDLE_IDENTIFIER = AF.MyCalculator;
				PRODUCT_NAME = "$(TARGET_NAME)";
				SWIFT_VERSION = 5.0;
				TARGETED_DEVICE_FAMILY = "1,2";
			};
			name = Debug;
		};
		E2DD375F2576C9FE00517DD0 /* Release */ = {
			isa = XCBuildConfiguration;
			buildSettings = {
				ASSETCATALOG_COMPILER_APPICON_NAME = AppIcon;
				ASSETCATALOG_COMPILER_GLOBAL_ACCENT_COLOR_NAME = AccentColor;
				CODE_SIGN_STYLE = Automatic;
				INFOPLIST_FILE = MyCalculator/Info.plist;
				LD_RUNPATH_SEARCH_PATHS = (
					"$(inherited)",
					"@executable_path/Frameworks",
				);
				PRODUCT_BUNDLE_IDENTIFIER = AF.MyCalculator;
				PRODUCT_NAME = "$(TARGET_NAME)";
				SWIFT_VERSION = 5.0;
				TARGETED_DEVICE_FAMILY = "1,2";
			};
			name = Release;
		};
		E2DD37612576C9FE00517DD0 /* Debug */ = {
			isa = XCBuildConfiguration;
			buildSettings = {
				ALWAYS_EMBED_SWIFT_STANDARD_LIBRARIES = YES;
				BUNDLE_LOADER = "$(TEST_HOST)";
				CODE_SIGN_STYLE = Automatic;
				INFOPLIST_FILE = MyCalculatorTests/Info.plist;
				IPHONEOS_DEPLOYMENT_TARGET = 14.2;
				LD_RUNPATH_SEARCH_PATHS = (
					"$(inherited)",
					"@executable_path/Frameworks",
					"@loader_path/Frameworks",
				);
				PRODUCT_BUNDLE_IDENTIFIER = AF.MyCalculatorTests;
				PRODUCT_NAME = "$(TARGET_NAME)";
				SWIFT_VERSION = 5.0;
				TARGETED_DEVICE_FAMILY = "1,2";
				TEST_HOST = "$(BUILT_PRODUCTS_DIR)/MyCalculator.app/MyCalculator";
			};
			name = Debug;
		};
		E2DD37622576C9FE00517DD0 /* Release */ = {
			isa = XCBuildConfiguration;
			buildSettings = {
				ALWAYS_EMBED_SWIFT_STANDARD_LIBRARIES = YES;
				BUNDLE_LOADER = "$(TEST_HOST)";
				CODE_SIGN_STYLE = Automatic;
				INFOPLIST_FILE = MyCalculatorTests/Info.plist;
				IPHONEOS_DEPLOYMENT_TARGET = 14.2;
				LD_RUNPATH_SEARCH_PATHS = (
					"$(inherited)",
					"@executable_path/Frameworks",
					"@loader_path/Frameworks",
				);
				PRODUCT_BUNDLE_IDENTIFIER = AF.MyCalculatorTests;
				PRODUCT_NAME = "$(TARGET_NAME)";
				SWIFT_VERSION = 5.0;
				TARGETED_DEVICE_FAMILY = "1,2";
				TEST_HOST = "$(BUILT_PRODUCTS_DIR)/MyCalculator.app/MyCalculator";
			};
			name = Release;
		};
		E2DD37642576C9FE00517DD0 /* Debug */ = {
			isa = XCBuildConfiguration;
			buildSettings = {
				ALWAYS_EMBED_SWIFT_STANDARD_LIBRARIES = YES;
				CODE_SIGN_STYLE = Automatic;
				INFOPLIST_FILE = MyCalculatorUITests/Info.plist;
				LD_RUNPATH_SEARCH_PATHS = (
					"$(inherited)",
					"@executable_path/Frameworks",
					"@loader_path/Frameworks",
				);
				PRODUCT_BUNDLE_IDENTIFIER = AF.MyCalculatorUITests;
				PRODUCT_NAME = "$(TARGET_NAME)";
				SWIFT_VERSION = 5.0;
				TARGETED_DEVICE_FAMILY = "1,2";
				TEST_TARGET_NAME = MyCalculator;
			};
			name = Debug;
		};
		E2DD37652576C9FE00517DD0 /* Release */ = {
			isa = XCBuildConfiguration;
			buildSettings = {
				ALWAYS_EMBED_SWIFT_STANDARD_LIBRARIES = YES;
				CODE_SIGN_STYLE = Automatic;
				INFOPLIST_FILE = MyCalculatorUITests/Info.plist;
				LD_RUNPATH_SEARCH_PATHS = (
					"$(inherited)",
					"@executable_path/Frameworks",
					"@loader_path/Frameworks",
				);
				PRODUCT_BUNDLE_IDENTIFIER = AF.MyCalculatorUITests;
				PRODUCT_NAME = "$(TARGET_NAME)";
				SWIFT_VERSION = 5.0;
				TARGETED_DEVICE_FAMILY = "1,2";
				TEST_TARGET_NAME = MyCalculator;
			};
			name = Release;
		};
/* End XCBuildConfiguration section */

/* Begin XCConfigurationList section */
		E2DD372E2576C9F900517DD0 /* Build configuration list for PBXProject "MyCalculator" */ = {
			isa = XCConfigurationList;
			buildConfigurations = (
				E2DD375B2576C9FE00517DD0 /* Debug */,
				E2DD375C2576C9FE00517DD0 /* Release */,
			);
			defaultConfigurationIsVisible = 0;
			defaultConfigurationName = Release;
		};
		E2DD375D2576C9FE00517DD0 /* Build configuration list for PBXNativeTarget "MyCalculator" */ = {
			isa = XCConfigurationList;
			buildConfigurations = (
				E2DD375E2576C9FE00517DD0 /* Debug */,
				E2DD375F2576C9FE00517DD0 /* Release */,
			);
			defaultConfigurationIsVisible = 0;
			defaultConfigurationName = Release;
		};
		E2DD37602576C9FE00517DD0 /* Build configuration list for PBXNativeTarget "MyCalculatorTests" */ = {
			isa = XCConfigurationList;
			buildConfigurations = (
				E2DD37612576C9FE00517DD0 /* Debug */,
				E2DD37622576C9FE00517DD0 /* Release */,
			);
			defaultConfigurationIsVisible = 0;
			defaultConfigurationName = Release;
		};
		E2DD37632576C9FE00517DD0 /* Build configuration list for PBXNativeTarget "MyCalculatorUITests" */ = {
			isa = XCConfigurationList;
			buildConfigurations = (
				E2DD37642576C9FE00517DD0 /* Debug */,
				E2DD37652576C9FE00517DD0 /* Release */,
			);
			defaultConfigurationIsVisible = 0;
			defaultConfigurationName = Release;
		};
/* End XCConfigurationList section */
	};
	rootObject = E2DD372B2576C9F900517DD0 /* Project object */;
}
